
Microsoft Visual Studio Solution File, Format Version 12.00
# Visual Studio Version 17
VisualStudioVersion = 17.3.32929.385
MinimumVisualStudioVersion = 10.0.40219.1
Project("{FAE04EC0-301F-11D3-BF4B-00C04F79EFBC}") = "danim", "danim\danim.csproj", "{D907EC1F-B24C-4FEE-9BE2-3BD7691B3A6B}"
EndProject
Global
	GlobalSection(SolutionConfigurationPlatforms) = preSolution
		Debug|Any CPU = Debug|Any CPU
		Release|Any CPU = Release|Any CPU
	EndGlobalSection
	GlobalSection(ProjectConfigurationPlatforms) = postSolution
		{D907EC1F-B24C-4FEE-9BE2-3BD7691B3A6B}.Debug|Any CPU.ActiveCfg = Debug|Any CPU
		{D907EC1F-B24C-4FEE-9BE2-3BD7691B3A6B}.Debug|Any CPU.Build.0 = Debug|Any CPU
		{D907EC1F-B24C-4FEE-9BE2-3BD7691B3A6B}.Release|Any CPU.ActiveCfg = Release|Any CPU
		{D907EC1F-B24C-4FEE-9BE2-3BD7691B3A6B}.Release|Any CPU.Build.0 = Release|Any CPU
	EndGlobalSection
	GlobalSection(SolutionProperties) = preSolution
		HideSolutionNode = FALSE
	EndGlobalSection
	GlobalSection(ExtensibilityGlobals) = postSolution
		SolutionGuid = {65E28FC7-3EF8-4217-AB62-370CEDF92AA9}
	EndGlobalSection
EndGlobal
